<?xml version="1.0" encoding="utf-8"?>
<Project ToolsVersion="4.0" xmlns="http://schemas.microsoft.com/developer/msbuild/2003">
  <ItemGroup>
    <Filter Include="Source Files">
      <UniqueIdentifier>{4FC737F1-C7A5-4376-A066-2A32D752A2FF}</UniqueIdentifier>
      <Extensions>cpp;c;cc;cxx;c++;cppm;ixx;def;odl;idl;hpj;bat;asm;asmx</Extensions>
    </Filter>
    <Filter Include="Header Files">
      <UniqueIdentifier>{93995380-89BD-4b04-88EB-625FBE52EBFB}</UniqueIdentifier>
      <Extensions>h;hh;hpp;hxx;h++;hm;inl;inc;ipp;xsd</Extensions>
    </Filter>
    <Filter Include="Resource Files">
      <UniqueIdentifier>{67DA6AB6-F800-4c08-8B7A-83BB121AAD01}</UniqueIdentifier>
      <Extensions>rc;ico;cur;bmp;dlg;rc2;rct;bin;rgs;gif;jpg;jpeg;jpe;resx;tiff;tif;png;wav;mfcribbon-ms</Extensions>
    </Filter>
    <Filter Include="player">
      <UniqueIdentifier>{e6d15e16-3ec9-4aa0-bb46-9838e752aa9c}</UniqueIdentifier>
    </Filter>
    <Filter Include="enemy">
      <UniqueIdentifier>{3f1249f7-2a29-4adf-9d61-e008d3e18fbc}</UniqueIdentifier>
    </Filter>
    <Filter Include="core">
      <UniqueIdentifier>{09352f6a-b7ab-4d48-bf6a-6de10e3f1238}</UniqueIdentifier>
    </Filter>
    <Filter Include="platform">
      <UniqueIdentifier>{1ae20903-8c60-4f90-8698-9e252ae144bc}</UniqueIdentifier>
    </Filter>
    <Filter Include="game">
      <UniqueIdentifier>{aa8741ce-49f9-4107-a3d7-669bb8948f85}</UniqueIdentifier>
    </Filter>
    <Filter Include="ui">
      <UniqueIdentifier>{970c504b-68b2-45ab-aa42-27d99d4851d5}</UniqueIdentifier>
    </Filter>
  </ItemGroup>
  <ItemGroup>
    <ClCompile Include="main.cpp">
      <Filter>Source Files</Filter>
    </ClCompile>
    <ClCompile Include="player\Player.cpp">
      <Filter>player</Filter>
    </ClCompile>
    <ClCompile Include="enemy\Enemy.cpp">
      <Filter>enemy</Filter>
    </ClCompile>
    <ClCompile Include="platform\Platform.cpp">
      <Filter>platform</Filter>
    </ClCompile>
    <ClCompile Include="game\GameManager.cpp">
      <Filter>game</Filter>
    </ClCompile>
    <ClCompile Include="game\MainMenu.cpp">
      <Filter>game</Filter>
    </ClCompile>
    <ClCompile Include="game\GameCamera.cpp">
      <Filter>game</Filter>
    </ClCompile>
    <ClCompile Include="game\TextureManager.cpp">
      <Filter>game</Filter>
    </ClCompile>
  </ItemGroup>
  <ItemGroup>
    <ClInclude Include="core\Body.h">
      <Filter>core</Filter>
    </ClInclude>
    <ClInclude Include="core\Coordinates.h">
      <Filter>core</Filter>
    </ClInclude>
    <ClInclude Include="core\Flags.h">
      <Filter>core</Filter>
    </ClInclude>
    <ClInclude Include="core\Stats.h">
      <Filter>core</Filter>
    </ClInclude>
    <ClInclude Include="player\Player.h">
      <Filter>player</Filter>
    </ClInclude>
    <ClInclude Include="enemy\Enemy.h">
      <Filter>enemy</Filter>
    </ClInclude>
    <ClInclude Include="platform\Platform.h">
      <Filter>platform</Filter>
    </ClInclude>
    <ClInclude Include="game\GameManager.h">
      <Filter>game</Filter>
    </ClInclude>
    <ClInclude Include="core\Direction.h">
      <Filter>core</Filter>
    </ClInclude>
    <ClInclude Include="game\MainMenu.h">
      <Filter>game</Filter>
    </ClInclude>
    <ClInclude Include="core\Action.h">
      <Filter>core</Filter>
    </ClInclude>
    <ClInclude Include="ui\Button.h">
      <Filter>ui</Filter>
    </ClInclude>
    <ClInclude Include="core\GameConfig.h">
      <Filter>core</Filter>
    </ClInclude>
    <ClInclude Include="game\GameCamera.h">
      <Filter>game</Filter>
    </ClInclude>
    <ClInclude Include="game\TextureManager.h">
      <Filter>game</Filter>
    </ClInclude>
  </ItemGroup>
</Project>